{
  "name": "arras",
  "version": "1.0.0",
  "lockfileVersion": 1,
  "requires": true,
  "dependencies": {
    "google-closure-library": {
      "version": "20201006.0.0",
      "resolved": "https://registry.npmjs.org/google-closure-library/-/google-closure-library-20201006.0.0.tgz",
      "integrity": "sha512-jYTKvUBUkTFCO+PJLcqJrh4BNMHlInzPYpijg8lty/HIF1rH+qutHchlFdiSNad8HBVKIlMf3UzXRPXvmujrIg=="
    },
    "ws": {
      "version": "6.1.0",
      "requires": {
        "async-limiter": "~1.0.0"
      },
      "dependencies": {
        "async-limiter": {
          "version": "1.0.1",
          "bundled": true
        }
      }
    }
  }
}
